
Microsoft Visual Studio Solution File, Format Version 12.00
# Visual Studio Version 16
VisualStudioVersion = 16.0.30002.166
MinimumVisualStudioVersion = 10.0.40219.1
Project("{FAE04EC0-301F-11D3-BF4B-00C04F79EFBC}") = "NewtonAlg", "NewtonAlg\NewtonAlg.csproj", "{8E0BDF89-1F0E-406F-BEFD-829E0408F7C4}"
EndProject
Global
	GlobalSection(SolutionConfigurationPlatforms) = preSolution
		Debug|Any CPU = Debug|Any CPU
		Release|Any CPU = Release|Any CPU
	EndGlobalSection
	GlobalSection(ProjectConfigurationPlatforms) = postSolution
		{8E0BDF89-1F0E-406F-BEFD-829E0408F7C4}.Debug|Any CPU.ActiveCfg = Debug|Any CPU
		{8E0BDF89-1F0E-406F-BEFD-829E0408F7C4}.Debug|Any CPU.Build.0 = Debug|Any CPU
		{8E0BDF89-1F0E-406F-BEFD-829E0408F7C4}.Release|Any CPU.ActiveCfg = Release|Any CPU
		{8E0BDF89-1F0E-406F-BEFD-829E0408F7C4}.Release|Any CPU.Build.0 = Release|Any CPU
	EndGlobalSection
	GlobalSection(SolutionProperties) = preSolution
		HideSolutionNode = FALSE
	EndGlobalSection
	GlobalSection(ExtensibilityGlobals) = postSolution
		SolutionGuid = {C9E3C1DF-E81C-4FB8-B6C2-2BCD7EF730B1}
	EndGlobalSection
EndGlobal
